{
  "name": "cadastro-front",
  "version": "0.1.0",
  "lockfileVersion": 1,
  "requires": true,
  "dependencies": {
    "react-perf-devtool": {
      "version": "3.0.6",
      "resolved": "https://registry.npmjs.org/react-perf-devtool/-/react-perf-devtool-3.0.6.tgz",
      "integrity": "sha512-2PSKhGR3q8nPASRqHyLajVjUeO5OElIb4ZneVN6weoZ9wLV1safUX1GEVibsgczI12k83xeLO7H2HxjeJMDowg=="
    }
  }
}
